
Microsoft Visual Studio Solution File, Format Version 12.00
# Visual Studio Version 16
VisualStudioVersion = 16.0.31613.86
MinimumVisualStudioVersion = 10.0.40219.1
Project("{FAE04EC0-301F-11D3-BF4B-00C04F79EFBC}") = "RomanNumberConverter", "RomanNumberConverter.csproj", "{15F60F60-34FF-4903-8883-AC9E85908F6A}"
EndProject
Project("{2150E333-8FDC-42A3-9474-1A3956D46DE8}") = "Solution Items", "Solution Items", "{E4B464E8-6E68-457B-8D36-0E6F91140BD5}"
EndProject
Global
	GlobalSection(SolutionConfigurationPlatforms) = preSolution
		Debug|Any CPU = Debug|Any CPU
		Release|Any CPU = Release|Any CPU
	EndGlobalSection
	GlobalSection(ProjectConfigurationPlatforms) = postSolution
		{15F60F60-34FF-4903-8883-AC9E85908F6A}.Debug|Any CPU.ActiveCfg = Debug|Any CPU
		{15F60F60-34FF-4903-8883-AC9E85908F6A}.Debug|Any CPU.Build.0 = Debug|Any CPU
		{15F60F60-34FF-4903-8883-AC9E85908F6A}.Release|Any CPU.ActiveCfg = Release|Any CPU
		{15F60F60-34FF-4903-8883-AC9E85908F6A}.Release|Any CPU.Build.0 = Release|Any CPU
	EndGlobalSection
	GlobalSection(SolutionProperties) = preSolution
		HideSolutionNode = FALSE
	EndGlobalSection
	GlobalSection(ExtensibilityGlobals) = postSolution
		SolutionGuid = {16D7092F-12EF-4808-A34B-3ACF77F80681}
	EndGlobalSection
EndGlobal
